
Microsoft Visual Studio Solution File, Format Version 11.00
# Visual Studio 2010
Project("{FAE04EC0-301F-11D3-BF4B-00C04F79EFBC}") = "Assembly-CSharp", "Assembly-CSharp.csproj", "{a5539f9f-ade6-7ce5-5a98-3a18807308f4}"
EndProject
Project("{FAE04EC0-301F-11D3-BF4B-00C04F79EFBC}") = "Assembly-CSharp-Editor", "Assembly-CSharp-Editor.csproj", "{bdb174a2-3ec5-b386-9844-4ef47b0c1453}"
EndProject
Global
	GlobalSection(SolutionConfigurationPlatforms) = preSolution
		Debug|Any CPU = Debug|Any CPU
	EndGlobalSection
	GlobalSection(ProjectConfigurationPlatforms) = postSolution
		{a5539f9f-ade6-7ce5-5a98-3a18807308f4}.Debug|Any CPU.ActiveCfg = Debug|Any CPU
		{a5539f9f-ade6-7ce5-5a98-3a18807308f4}.Debug|Any CPU.Build.0 = Debug|Any CPU
		{bdb174a2-3ec5-b386-9844-4ef47b0c1453}.Debug|Any CPU.ActiveCfg = Debug|Any CPU
		{bdb174a2-3ec5-b386-9844-4ef47b0c1453}.Debug|Any CPU.Build.0 = Debug|Any CPU
	EndGlobalSection
	GlobalSection(SolutionProperties) = preSolution
		HideSolutionNode = FALSE
	EndGlobalSection
EndGlobal
